
Microsoft Visual Studio Solution File, Format Version 12.00
# Visual Studio 15
VisualStudioVersion = 15.0.36217.24
MinimumVisualStudioVersion = 10.0.40219.1
Project("{8BC9CEB8-8B4A-11D0-8D11-00A0C91BC942}") = "ModelicaMatioDump", "ModelicaMatioDump.vcxproj", "{9BC0DD47-AAF4-47DC-A054-D3AEEB0BEA19}"
	ProjectSection(ProjectDependencies) = postProject
		{62DC07B5-46B1-4373-9436-979E7A938476} = {62DC07B5-46B1-4373-9436-979E7A938476}
	EndProjectSection
EndProject
Project("{8BC9CEB8-8B4A-11D0-8D11-00A0C91BC942}") = "zlib", "zlib\zlib.vcxproj", "{62DC07B5-46B1-4373-9436-979E7A938476}"
EndProject
Global
	GlobalSection(SolutionConfigurationPlatforms) = preSolution
		Debug|x64 = Debug|x64
		Debug|x86 = Debug|x86
		Release|x64 = Release|x64
		Release|x86 = Release|x86
	EndGlobalSection
	GlobalSection(ProjectConfigurationPlatforms) = postSolution
		{9BC0DD47-AAF4-47DC-A054-D3AEEB0BEA19}.Debug|x64.ActiveCfg = Debug|x64
		{9BC0DD47-AAF4-47DC-A054-D3AEEB0BEA19}.Debug|x64.Build.0 = Debug|x64
		{9BC0DD47-AAF4-47DC-A054-D3AEEB0BEA19}.Debug|x86.ActiveCfg = Debug|Win32
		{9BC0DD47-AAF4-47DC-A054-D3AEEB0BEA19}.Debug|x86.Build.0 = Debug|Win32
		{9BC0DD47-AAF4-47DC-A054-D3AEEB0BEA19}.Release|x64.ActiveCfg = Release|x64
		{9BC0DD47-AAF4-47DC-A054-D3AEEB0BEA19}.Release|x64.Build.0 = Release|x64
		{9BC0DD47-AAF4-47DC-A054-D3AEEB0BEA19}.Release|x86.ActiveCfg = Release|Win32
		{9BC0DD47-AAF4-47DC-A054-D3AEEB0BEA19}.Release|x86.Build.0 = Release|Win32
		{62DC07B5-46B1-4373-9436-979E7A938476}.Debug|x64.ActiveCfg = Debug|x64
		{62DC07B5-46B1-4373-9436-979E7A938476}.Debug|x64.Build.0 = Debug|x64
		{62DC07B5-46B1-4373-9436-979E7A938476}.Debug|x86.ActiveCfg = Debug|Win32
		{62DC07B5-46B1-4373-9436-979E7A938476}.Debug|x86.Build.0 = Debug|Win32
		{62DC07B5-46B1-4373-9436-979E7A938476}.Release|x64.ActiveCfg = Release|x64
		{62DC07B5-46B1-4373-9436-979E7A938476}.Release|x64.Build.0 = Release|x64
		{62DC07B5-46B1-4373-9436-979E7A938476}.Release|x86.ActiveCfg = Release|Win32
		{62DC07B5-46B1-4373-9436-979E7A938476}.Release|x86.Build.0 = Release|Win32
	EndGlobalSection
	GlobalSection(SolutionProperties) = preSolution
		HideSolutionNode = FALSE
	EndGlobalSection
	GlobalSection(ExtensibilityGlobals) = postSolution
		SolutionGuid = {06FC81AB-1A19-419A-B7D1-EEA3B326545F}
	EndGlobalSection
EndGlobal
